
Microsoft Visual Studio Solution File, Format Version 12.00
# Visual Studio Version 16
VisualStudioVersion = 16.0.29613.14
MinimumVisualStudioVersion = 10.0.40219.1
Project("{FAE04EC0-301F-11D3-BF4B-00C04F79EFBC}") = "ADODBPROJECT2", "ADODBPROJECT2\ADODBPROJECT2.csproj", "{F3EDA74A-DC90-4E21-8AFC-83D21921ECF3}"
EndProject
Global
	GlobalSection(SolutionConfigurationPlatforms) = preSolution
		Debug|Any CPU = Debug|Any CPU
		Release|Any CPU = Release|Any CPU
	EndGlobalSection
	GlobalSection(ProjectConfigurationPlatforms) = postSolution
		{F3EDA74A-DC90-4E21-8AFC-83D21921ECF3}.Debug|Any CPU.ActiveCfg = Debug|Any CPU
		{F3EDA74A-DC90-4E21-8AFC-83D21921ECF3}.Debug|Any CPU.Build.0 = Debug|Any CPU
		{F3EDA74A-DC90-4E21-8AFC-83D21921ECF3}.Release|Any CPU.ActiveCfg = Release|Any CPU
		{F3EDA74A-DC90-4E21-8AFC-83D21921ECF3}.Release|Any CPU.Build.0 = Release|Any CPU
	EndGlobalSection
	GlobalSection(SolutionProperties) = preSolution
		HideSolutionNode = FALSE
	EndGlobalSection
	GlobalSection(ExtensibilityGlobals) = postSolution
		SolutionGuid = {69B77FEC-1BAD-494A-A0F1-B746AABC6213}
	EndGlobalSection
EndGlobal
